{
  "nodes": {
    "monad-control-identity": {
      "inputs": {
        "nixpkgs": [
          "nixpkgs"
        ]
      },
      "locked": {
        "lastModified": 1673458177,
        "narHash": "sha256-0PGZ8rZoamNKufO/K4JgqCNEJK6Wkgtsv26Ko9x5OEA=",
        "owner": "jumper149",
        "repo": "monad-control-identity",
        "rev": "5e046edde9f239a487215c22a1e1a9b6651f4882",
        "type": "github"
      },
      "original": {
        "owner": "jumper149",
        "ref": "master",
        "repo": "monad-control-identity",
        "type": "github"
      }
    },
    "nixpkgs": {
      "locked": {
        "lastModified": 1680535196,
        "narHash": "sha256-pMRi1h/ZAh+3o3/0bOYncURKovaeXyb4ZkP5uPr8Mok=",
        "owner": "NixOS",
        "repo": "nixpkgs",
        "rev": "e835abc046f5b6404523bf12021f0903d8edd2c1",
        "type": "github"
      },
      "original": {
        "owner": "NixOS",
        "ref": "master",
        "repo": "nixpkgs",
        "type": "github"
      }
    },
    "root": {
      "inputs": {
        "monad-control-identity": "monad-control-identity",
        "nixpkgs": "nixpkgs"
      }
    }
  },
  "root": "root",
  "version": 7
}
