{
  "nodes": {
    "monad-control-identity": {
      "inputs": {
        "nixpkgs": [
          "nixpkgs"
        ]
      },
      "locked": {
        "lastModified": 1673458177,
        "narHash": "sha256-0PGZ8rZoamNKufO/K4JgqCNEJK6Wkgtsv26Ko9x5OEA=",
        "owner": "jumper149",
        "repo": "monad-control-identity",
        "rev": "5e046edde9f239a487215c22a1e1a9b6651f4882",
        "type": "github"
      },
      "original": {
        "owner": "jumper149",
        "ref": "master",
        "repo": "monad-control-identity",
        "type": "github"
      }
    },
    "nixpkgs": {
      "locked": {
        "lastModified": 1752603315,
        "narHash": "sha256-JQEoJlewrLAH2QfppSlKPoN6JWXn9dTZ4i+xtSy+COI=",
        "owner": "NixOS",
        "repo": "nixpkgs",
        "rev": "ad337e3636852d766e64a7649030357af067a7b4",
        "type": "github"
      },
      "original": {
        "owner": "NixOS",
        "ref": "master",
        "repo": "nixpkgs",
        "type": "github"
      }
    },
    "root": {
      "inputs": {
        "monad-control-identity": "monad-control-identity",
        "nixpkgs": "nixpkgs"
      }
    }
  },
  "root": "root",
  "version": 7
}
