{
  "nodes": {
    "nixpkgs": {
      "locked": {
        "lastModified": 1658170568,
        "narHash": "sha256-Gtt1XTY8j2/dN7w3u70Jfrnm8Ly1Oz07kGcROMkHLCo=",
        "owner": "NixOS",
        "repo": "nixpkgs",
        "rev": "0640ef2ccc3bcefbc256d31e9ea53f5ff3f4f60e",
        "type": "github"
      },
      "original": {
        "owner": "NixOS",
        "ref": "master",
        "repo": "nixpkgs",
        "type": "github"
      }
    },
    "root": {
      "inputs": {
        "nixpkgs": "nixpkgs"
      }
    }
  },
  "root": "root",
  "version": 7
}
